
Microsoft Visual Studio Solution File, Format Version 12.00
# Visual Studio Version 16
VisualStudioVersion = 16.0.808.4
MinimumVisualStudioVersion = 10.0.40219.1
Project("{FAE04EC0-301F-11D3-BF4B-00C04F79EFBC}") = "ConfigurationNET", "src\ConfigurationNET.csproj", "{8BF62EC8-091E-4844-847A-B1A1F4A9FC08}"
EndProject
Global
	GlobalSection(SolutionConfigurationPlatforms) = preSolution
		Debug|Any CPU = Debug|Any CPU
		Release|Any CPU = Release|Any CPU
	EndGlobalSection
	GlobalSection(ProjectConfigurationPlatforms) = postSolution
		{8BF62EC8-091E-4844-847A-B1A1F4A9FC08}.Debug|Any CPU.ActiveCfg = Debug|Any CPU
		{8BF62EC8-091E-4844-847A-B1A1F4A9FC08}.Debug|Any CPU.Build.0 = Debug|Any CPU
		{8BF62EC8-091E-4844-847A-B1A1F4A9FC08}.Release|Any CPU.ActiveCfg = Release|Any CPU
		{8BF62EC8-091E-4844-847A-B1A1F4A9FC08}.Release|Any CPU.Build.0 = Release|Any CPU
	EndGlobalSection
	GlobalSection(SolutionProperties) = preSolution
		HideSolutionNode = FALSE
	EndGlobalSection
	GlobalSection(ExtensibilityGlobals) = postSolution
		SolutionGuid = {F073B090-0EB0-4210-BF01-E4EBE5113028}
	EndGlobalSection
EndGlobal
